// !$*UTF8*$!
{
	archiveVersion = 1;
	classes = {
	};
	objectVersion = 46;
	objects = {

/* Begin PBXBuildFile section */
		096B0137E3B54F7EB04CE7DD /* @2xuserImg.png in Resources */ = {isa = PBXBuildFile; fileRef = 7BFF3F1C4E574B51A4145AAA /* @2xuserImg.png */; };
		0AE591DB17994743A720094B /* TNSSideDrawer.framework in Frameworks */ = {isa = PBXBuildFile; fileRef = 2C22ADCC8F8243219F0C2E4D /* TNSSideDrawer.framework */; };
		0C41550347B442C4A6FC14CD /* @2xclose_drawer.png in Resources */ = {isa = PBXBuildFile; fileRef = 5AFB123CBBAA494E9D55D7F1 /* @2xclose_drawer.png */; };
		1CB91A9697F1430EB740E843 /* rightArrow.png in Resources */ = {isa = PBXBuildFile; fileRef = 0C3F7B2859CF45968C5DE791 /* rightArrow.png */; };
		252159C33DD94626BCCC26F7 /* @3xhomeLogo.png in Resources */ = {isa = PBXBuildFile; fileRef = B593E975E67241F9A976751F /* @3xhomeLogo.png */; };
		256DAB6B19A742B7AA735FC7 /* LaunchScreen.storyboard in Resources */ = {isa = PBXBuildFile; fileRef = D069AAA5B13D4FDB8E7E39E8 /* LaunchScreen.storyboard */; };
		25F67480DC0C4F7E9DFD8649 /* menuIcon.png in Resources */ = {isa = PBXBuildFile; fileRef = C1F31E68A3AA4074A1291DEE /* menuIcon.png */; };
		2A8CC1BC773F432289F64877 /* TNSSideDrawer.framework in Embed Frameworks */ = {isa = PBXBuildFile; fileRef = 2C22ADCC8F8243219F0C2E4D /* TNSSideDrawer.framework */; settings = {ATTRIBUTES = (CodeSignOnCopy, RemoveHeadersOnCopy, ); }; };
		2AB7F8C37A74415886E6B197 /* Assets.xcassets in Resources */ = {isa = PBXBuildFile; fileRef = 7E7167D7C3C145CF8621BDB6 /* Assets.xcassets */; };
		30FB310263094B67BC89866E /* @1xhomeLogo.png in Resources */ = {isa = PBXBuildFile; fileRef = B2E3A6FB25904CF494473B6E /* @1xhomeLogo.png */; };
		3137FA62B6D8490284A65077 /* homeLogo.png in Resources */ = {isa = PBXBuildFile; fileRef = 5E3EBA6DA51C4E8CB430507B /* homeLogo.png */; };
		39E430159F064890931FAAC2 /* userImg.png in Resources */ = {isa = PBXBuildFile; fileRef = 79A55227E6794F4BBC07B9CE /* userImg.png */; };
		4CA74C19A82A4C4A97C5B139 /* TNSCore.framework in Embed Frameworks */ = {isa = PBXBuildFile; fileRef = AE4CC19CDC2742578868D64C /* TNSCore.framework */; settings = {ATTRIBUTES = (CodeSignOnCopy, RemoveHeadersOnCopy, ); }; };
		5AAB1654013D42E7BC277C2D /* NativeScriptEmbedder.m in Sources */ = {isa = PBXBuildFile; fileRef = 90D818C732D64B4CB87A68D9 /* NativeScriptEmbedder.m */; };
		5BF6D7F818CB3826BDBA5300 /* Pods_TumainiFund.framework in Frameworks */ = {isa = PBXBuildFile; fileRef = FC5570B839905B47C8B89C7C /* Pods_TumainiFund.framework */; };
		5EB5A30A7D7740AB809C971D /* sqlitewrapper.framework in Frameworks */ = {isa = PBXBuildFile; fileRef = C41D082F05D24F3894B29E58 /* sqlitewrapper.framework */; };
		6505E05B052E46D79CB08686 /* @2xhomeLogo.png in Resources */ = {isa = PBXBuildFile; fileRef = 9391785153C546EA89E8951E /* @2xhomeLogo.png */; };
		73595413D385438FB4C12726 /* sqlitewrapper.framework in Embed Frameworks */ = {isa = PBXBuildFile; fileRef = C41D082F05D24F3894B29E58 /* sqlitewrapper.framework */; settings = {ATTRIBUTES = (CodeSignOnCopy, RemoveHeadersOnCopy, ); }; };
		7EED011A877B444797D04587 /* @1xrightArrow.png in Resources */ = {isa = PBXBuildFile; fileRef = 6D9B5B5424004B0397EBCC1F /* @1xrightArrow.png */; };
		858B842D18CA22B800AB12DE /* InfoPlist.strings in Resources */ = {isa = PBXBuildFile; fileRef = 858B833A18CA111C00AB12DE /* InfoPlist.strings */; };
		98860FC6CCB04ABC9301B89C /* @2xrightArrow.png in Resources */ = {isa = PBXBuildFile; fileRef = A3FB618231B648C0BB1DAB37 /* @2xrightArrow.png */; };
		9F32056C8799482B95E147C7 /* @3xrightArrow.png in Resources */ = {isa = PBXBuildFile; fileRef = B0647D28B4D34B63A166B356 /* @3xrightArrow.png */; };
		A3CEC244AE6344A28BC4AA59 /* @3xclose_drawer.png in Resources */ = {isa = PBXBuildFile; fileRef = 8D39AC40621942049CC8BB63 /* @3xclose_drawer.png */; };
		A9E84541ABC64015B2A7AFCA /* close_drawer.png in Resources */ = {isa = PBXBuildFile; fileRef = 3128088C07A9457F8FD69612 /* close_drawer.png */; };
		B1DC4604582342C584A87AD0 /* @1xclose_drawer.png in Resources */ = {isa = PBXBuildFile; fileRef = D2E1F58931E74E9B972C1C49 /* @1xclose_drawer.png */; };
		B81F4F3679ED4163AE66B16C /* TNSWidgets.framework in Frameworks */ = {isa = PBXBuildFile; fileRef = 632DD2825D9848088BCD349B /* TNSWidgets.framework */; };
		BEF945F055BE4B138C5C07B0 /* build.xcconfig in Resources */ = {isa = PBXBuildFile; fileRef = C44E9F6ED7CA449CACC6E337 /* build.xcconfig */; };
		CD45EE7C18DC2D5800FB50C0 /* app in Resources */ = {isa = PBXBuildFile; fileRef = CD45EE7A18DC2D5800FB50C0 /* app */; };
		CD53F4509E1742848B159B3F /* TNSWidgets.framework in Embed Frameworks */ = {isa = PBXBuildFile; fileRef = 632DD2825D9848088BCD349B /* TNSWidgets.framework */; settings = {ATTRIBUTES = (CodeSignOnCopy, RemoveHeadersOnCopy, ); }; };
		CD62955D1BB2678900AE3A93 /* main.m in Sources */ = {isa = PBXBuildFile; fileRef = CD62955C1BB2678900AE3A93 /* main.m */; };
		CE90816D26894C08B0D9E111 /* TNSCore.framework in Frameworks */ = {isa = PBXBuildFile; fileRef = AE4CC19CDC2742578868D64C /* TNSCore.framework */; };
		F06972C57B914386A87A5DE6 /* @1xuserImg.png in Resources */ = {isa = PBXBuildFile; fileRef = 9D4C0D0CF9E44A6A88D615A2 /* @1xuserImg.png */; };
		F6019B917E3B425690C95BF2 /* @3xuserImg.png in Resources */ = {isa = PBXBuildFile; fileRef = 805F2C32AF12462AA646763A /* @3xuserImg.png */; };
/* End PBXBuildFile section */

/* Begin PBXCopyFilesBuildPhase section */
		85F5BDFC1A9363BE006B9701 /* Embed Frameworks */ = {
			isa = PBXCopyFilesBuildPhase;
			buildActionMask = 2147483647;
			dstPath = "";
			dstSubfolderSpec = 10;
			files = (
				2A8CC1BC773F432289F64877 /* TNSSideDrawer.framework in Embed Frameworks */,
				73595413D385438FB4C12726 /* sqlitewrapper.framework in Embed Frameworks */,
				4CA74C19A82A4C4A97C5B139 /* TNSCore.framework in Embed Frameworks */,
				CD53F4509E1742848B159B3F /* TNSWidgets.framework in Embed Frameworks */,
			);
			name = "Embed Frameworks";
			runOnlyForDeploymentPostprocessing = 0;
		};
/* End PBXCopyFilesBuildPhase section */

/* Begin PBXFileReference section */
		0C3F7B2859CF45968C5DE791 /* rightArrow.png */ = {isa = PBXFileReference; lastKnownFileType = image.png; name = rightArrow.png; path = TumainiFund/Resources/rightArrow.png; sourceTree = "<group>"; };
		2C22ADCC8F8243219F0C2E4D /* TNSSideDrawer.framework */ = {isa = PBXFileReference; lastKnownFileType = wrapper.framework; name = TNSSideDrawer.framework; path = "$(SRCROOT)/../../node_modules/nativescript-ui-sidedrawer/platforms/ios/TNSSideDrawer.framework"; sourceTree = "<group>"; };
		3128088C07A9457F8FD69612 /* close_drawer.png */ = {isa = PBXFileReference; lastKnownFileType = image.png; name = close_drawer.png; path = TumainiFund/Resources/close_drawer.png; sourceTree = "<group>"; };
		4DB6921CFBE04F2979389B53 /* Pods-TumainiFund.release.xcconfig */ = {isa = PBXFileReference; includeInIndex = 1; lastKnownFileType = text.xcconfig; name = "Pods-TumainiFund.release.xcconfig"; path = "Pods/Target Support Files/Pods-TumainiFund/Pods-TumainiFund.release.xcconfig"; sourceTree = "<group>"; };
		5AFB123CBBAA494E9D55D7F1 /* @2xclose_drawer.png */ = {isa = PBXFileReference; lastKnownFileType = image.png; name = "@2xclose_drawer.png"; path = "TumainiFund/Resources/@2xclose_drawer.png"; sourceTree = "<group>"; };
		5E3EBA6DA51C4E8CB430507B /* homeLogo.png */ = {isa = PBXFileReference; lastKnownFileType = image.png; name = homeLogo.png; path = TumainiFund/Resources/homeLogo.png; sourceTree = "<group>"; };
		632DD2825D9848088BCD349B /* TNSWidgets.framework */ = {isa = PBXFileReference; lastKnownFileType = wrapper.framework; name = TNSWidgets.framework; path = "$(SRCROOT)/../../node_modules/tns-core-modules-widgets/platforms/ios/TNSWidgets.framework"; sourceTree = "<group>"; };
		6428FCB12F524DC9811FC8D2 /* NativeScriptEmbedder.h */ = {isa = PBXFileReference; fileEncoding = 4; lastKnownFileType = sourcecode.c.h; name = NativeScriptEmbedder.h; path = "../../node_modules/tns-core-modules/platforms/ios/src/NativeScriptEmbedder.h"; sourceTree = "<group>"; };
		6D9B5B5424004B0397EBCC1F /* @1xrightArrow.png */ = {isa = PBXFileReference; lastKnownFileType = image.png; name = "@1xrightArrow.png"; path = "TumainiFund/Resources/@1xrightArrow.png"; sourceTree = "<group>"; };
		79A55227E6794F4BBC07B9CE /* userImg.png */ = {isa = PBXFileReference; lastKnownFileType = image.png; name = userImg.png; path = TumainiFund/Resources/userImg.png; sourceTree = "<group>"; };
		7BFF3F1C4E574B51A4145AAA /* @2xuserImg.png */ = {isa = PBXFileReference; lastKnownFileType = image.png; name = "@2xuserImg.png"; path = "TumainiFund/Resources/@2xuserImg.png"; sourceTree = "<group>"; };
		7E7167D7C3C145CF8621BDB6 /* Assets.xcassets */ = {isa = PBXFileReference; fileEncoding = 4; lastKnownFileType = unknown; name = Assets.xcassets; path = TumainiFund/Resources/Assets.xcassets; sourceTree = "<group>"; };
		805F2C32AF12462AA646763A /* @3xuserImg.png */ = {isa = PBXFileReference; lastKnownFileType = image.png; name = "@3xuserImg.png"; path = "TumainiFund/Resources/@3xuserImg.png"; sourceTree = "<group>"; };
		858B832E18CA111C00AB12DE /* TumainiFund.app */ = {isa = PBXFileReference; explicitFileType = wrapper.application; includeInIndex = 0; path = TumainiFund.app; sourceTree = BUILT_PRODUCTS_DIR; };
		858B833918CA111C00AB12DE /* TumainiFund-Info.plist */ = {isa = PBXFileReference; lastKnownFileType = text.plist.xml; path = "TumainiFund-Info.plist"; sourceTree = "<group>"; };
		858B833B18CA111C00AB12DE /* en */ = {isa = PBXFileReference; lastKnownFileType = text.plist.strings; name = en; path = en.lproj/InfoPlist.strings; sourceTree = "<group>"; };
		858B833F18CA111C00AB12DE /* TumainiFund-Prefix.pch */ = {isa = PBXFileReference; lastKnownFileType = sourcecode.c.h; path = "TumainiFund-Prefix.pch"; sourceTree = "<group>"; };
		858B843318CA22B800AB12DE /* TumainiFund.app */ = {isa = PBXFileReference; explicitFileType = wrapper.application; includeInIndex = 0; path = TumainiFund.app; sourceTree = BUILT_PRODUCTS_DIR; };
		8D39AC40621942049CC8BB63 /* @3xclose_drawer.png */ = {isa = PBXFileReference; lastKnownFileType = image.png; name = "@3xclose_drawer.png"; path = "TumainiFund/Resources/@3xclose_drawer.png"; sourceTree = "<group>"; };
		90D818C732D64B4CB87A68D9 /* NativeScriptEmbedder.m */ = {isa = PBXFileReference; fileEncoding = 4; lastKnownFileType = sourcecode.c.objc; name = NativeScriptEmbedder.m; path = "../../node_modules/tns-core-modules/platforms/ios/src/NativeScriptEmbedder.m"; sourceTree = "<group>"; };
		9391785153C546EA89E8951E /* @2xhomeLogo.png */ = {isa = PBXFileReference; lastKnownFileType = image.png; name = "@2xhomeLogo.png"; path = "TumainiFund/Resources/@2xhomeLogo.png"; sourceTree = "<group>"; };
		9D4C0D0CF9E44A6A88D615A2 /* @1xuserImg.png */ = {isa = PBXFileReference; lastKnownFileType = image.png; name = "@1xuserImg.png"; path = "TumainiFund/Resources/@1xuserImg.png"; sourceTree = "<group>"; };
		A3FB618231B648C0BB1DAB37 /* @2xrightArrow.png */ = {isa = PBXFileReference; lastKnownFileType = image.png; name = "@2xrightArrow.png"; path = "TumainiFund/Resources/@2xrightArrow.png"; sourceTree = "<group>"; };
		AE4CC19CDC2742578868D64C /* TNSCore.framework */ = {isa = PBXFileReference; lastKnownFileType = wrapper.framework; name = TNSCore.framework; path = "$(SRCROOT)/../../node_modules/nativescript-ui-core/platforms/ios/TNSCore.framework"; sourceTree = "<group>"; };
		B0647D28B4D34B63A166B356 /* @3xrightArrow.png */ = {isa = PBXFileReference; lastKnownFileType = image.png; name = "@3xrightArrow.png"; path = "TumainiFund/Resources/@3xrightArrow.png"; sourceTree = "<group>"; };
		B2E3A6FB25904CF494473B6E /* @1xhomeLogo.png */ = {isa = PBXFileReference; lastKnownFileType = image.png; name = "@1xhomeLogo.png"; path = "TumainiFund/Resources/@1xhomeLogo.png"; sourceTree = "<group>"; };
		B593E975E67241F9A976751F /* @3xhomeLogo.png */ = {isa = PBXFileReference; lastKnownFileType = image.png; name = "@3xhomeLogo.png"; path = "TumainiFund/Resources/@3xhomeLogo.png"; sourceTree = "<group>"; };
		C1F31E68A3AA4074A1291DEE /* menuIcon.png */ = {isa = PBXFileReference; lastKnownFileType = image.png; name = menuIcon.png; path = TumainiFund/Resources/menuIcon.png; sourceTree = "<group>"; };
		C41D082F05D24F3894B29E58 /* sqlitewrapper.framework */ = {isa = PBXFileReference; lastKnownFileType = wrapper.framework; name = sqlitewrapper.framework; path = "$(SRCROOT)/../../node_modules/nativescript-sqlite/platforms/ios/sqlitewrapper.framework"; sourceTree = "<group>"; };
		C44E9F6ED7CA449CACC6E337 /* build.xcconfig */ = {isa = PBXFileReference; fileEncoding = 4; lastKnownFileType = unknown; name = build.xcconfig; path = TumainiFund/Resources/build.xcconfig; sourceTree = "<group>"; };
		CD45EE7A18DC2D5800FB50C0 /* app */ = {isa = PBXFileReference; lastKnownFileType = folder; path = app; sourceTree = "<group>"; };
		CD62955C1BB2678900AE3A93 /* main.m */ = {isa = PBXFileReference; fileEncoding = 4; lastKnownFileType = sourcecode.c.objc; name = main.m; path = internal/main.m; sourceTree = SOURCE_ROOT; };
		CDD59A261BB43B5D00EC2671 /* build-debug.xcconfig */ = {isa = PBXFileReference; fileEncoding = 4; lastKnownFileType = text.xcconfig; path = "build-debug.xcconfig"; sourceTree = "<group>"; };
		CDD59A271BB43B5D00EC2671 /* build-release.xcconfig */ = {isa = PBXFileReference; fileEncoding = 4; lastKnownFileType = text.xcconfig; path = "build-release.xcconfig"; sourceTree = "<group>"; };
		CDF4743E1BA4855C0087EA85 /* build.xcconfig */ = {isa = PBXFileReference; fileEncoding = 4; lastKnownFileType = text.xcconfig; path = build.xcconfig; sourceTree = "<group>"; };
		D069AAA5B13D4FDB8E7E39E8 /* LaunchScreen.storyboard */ = {isa = PBXFileReference; fileEncoding = 4; lastKnownFileType = unknown; name = LaunchScreen.storyboard; path = TumainiFund/Resources/LaunchScreen.storyboard; sourceTree = "<group>"; };
		D2E1F58931E74E9B972C1C49 /* @1xclose_drawer.png */ = {isa = PBXFileReference; lastKnownFileType = image.png; name = "@1xclose_drawer.png"; path = "TumainiFund/Resources/@1xclose_drawer.png"; sourceTree = "<group>"; };
		FC5570B839905B47C8B89C7C /* Pods_TumainiFund.framework */ = {isa = PBXFileReference; explicitFileType = wrapper.framework; includeInIndex = 0; path = Pods_TumainiFund.framework; sourceTree = BUILT_PRODUCTS_DIR; };
		FD086972458164A8853E50FE /* Pods-TumainiFund.debug.xcconfig */ = {isa = PBXFileReference; includeInIndex = 1; lastKnownFileType = text.xcconfig; name = "Pods-TumainiFund.debug.xcconfig"; path = "Pods/Target Support Files/Pods-TumainiFund/Pods-TumainiFund.debug.xcconfig"; sourceTree = "<group>"; };
/* End PBXFileReference section */

/* Begin PBXFrameworksBuildPhase section */
		858B83F418CA22B800AB12DE /* Frameworks */ = {
			isa = PBXFrameworksBuildPhase;
			buildActionMask = 2147483647;
			files = (
				0AE591DB17994743A720094B /* TNSSideDrawer.framework in Frameworks */,
				5EB5A30A7D7740AB809C971D /* sqlitewrapper.framework in Frameworks */,
				CE90816D26894C08B0D9E111 /* TNSCore.framework in Frameworks */,
				B81F4F3679ED4163AE66B16C /* TNSWidgets.framework in Frameworks */,
				5BF6D7F818CB3826BDBA5300 /* Pods_TumainiFund.framework in Frameworks */,
			);
			runOnlyForDeploymentPostprocessing = 0;
		};
/* End PBXFrameworksBuildPhase section */

/* Begin PBXGroup section */
		64C59E5CA25D71BAC19DE0FB /* Pods */ = {
			isa = PBXGroup;
			children = (
				FD086972458164A8853E50FE /* Pods-TumainiFund.debug.xcconfig */,
				4DB6921CFBE04F2979389B53 /* Pods-TumainiFund.release.xcconfig */,
			);
			name = Pods;
			sourceTree = "<group>";
		};
		858B832518CA111C00AB12DE = {
			isa = PBXGroup;
			children = (
				E070579D1B39A9D000214BF1 /* Resources */,
				858B833718CA111C00AB12DE /* TumainiFund */,
				858B833018CA111C00AB12DE /* Frameworks */,
				858B832F18CA111C00AB12DE /* Products */,
				F6F334EA374641FA883A820A /* tns-core-modules */,
				64C59E5CA25D71BAC19DE0FB /* Pods */,
				382551DDEFEE41B6878BFB64 /* TNSNativeSource */,
			);
			sourceTree = "<group>";
		};
		858B832F18CA111C00AB12DE /* Products */ = {
			isa = PBXGroup;
			children = (
				858B832E18CA111C00AB12DE /* TumainiFund.app */,
				858B843318CA22B800AB12DE /* TumainiFund.app */,
			);
			name = Products;
			sourceTree = "<group>";
		};
		858B833018CA111C00AB12DE /* Frameworks */ = {
			isa = PBXGroup;
			children = (
				2C22ADCC8F8243219F0C2E4D /* TNSSideDrawer.framework */,
				C41D082F05D24F3894B29E58 /* sqlitewrapper.framework */,
				AE4CC19CDC2742578868D64C /* TNSCore.framework */,
				632DD2825D9848088BCD349B /* TNSWidgets.framework */,
				FC5570B839905B47C8B89C7C /* Pods_TumainiFund.framework */,
			);
			name = Frameworks;
			sourceTree = "<group>";
		};
		858B833718CA111C00AB12DE /* TumainiFund */ = {
			isa = PBXGroup;
			children = (
				CD45EE7A18DC2D5800FB50C0 /* app */,
				858B833818CA111C00AB12DE /* Supporting Files */,
			);
			path = TumainiFund;
			sourceTree = "<group>";
		};
		858B833818CA111C00AB12DE /* Supporting Files */ = {
			isa = PBXGroup;
			children = (
				CDF4743E1BA4855C0087EA85 /* build.xcconfig */,
				CDD59A261BB43B5D00EC2671 /* build-debug.xcconfig */,
				CDD59A271BB43B5D00EC2671 /* build-release.xcconfig */,
				858B833918CA111C00AB12DE /* TumainiFund-Info.plist */,
				858B833A18CA111C00AB12DE /* InfoPlist.strings */,
				CD62955C1BB2678900AE3A93 /* main.m */,
				858B833F18CA111C00AB12DE /* TumainiFund-Prefix.pch */,
			);
			name = "Supporting Files";
			sourceTree = "<group>";
		};
		E070579D1B39A9D000214BF1 /* Resources */ = {
			isa = PBXGroup;
			children = (
				D2E1F58931E74E9B972C1C49 /* @1xclose_drawer.png */,
				B2E3A6FB25904CF494473B6E /* @1xhomeLogo.png */,
				6D9B5B5424004B0397EBCC1F /* @1xrightArrow.png */,
				9D4C0D0CF9E44A6A88D615A2 /* @1xuserImg.png */,
				5AFB123CBBAA494E9D55D7F1 /* @2xclose_drawer.png */,
				9391785153C546EA89E8951E /* @2xhomeLogo.png */,
				A3FB618231B648C0BB1DAB37 /* @2xrightArrow.png */,
				7BFF3F1C4E574B51A4145AAA /* @2xuserImg.png */,
				8D39AC40621942049CC8BB63 /* @3xclose_drawer.png */,
				B593E975E67241F9A976751F /* @3xhomeLogo.png */,
				B0647D28B4D34B63A166B356 /* @3xrightArrow.png */,
				805F2C32AF12462AA646763A /* @3xuserImg.png */,
				7E7167D7C3C145CF8621BDB6 /* Assets.xcassets */,
				D069AAA5B13D4FDB8E7E39E8 /* LaunchScreen.storyboard */,
				C44E9F6ED7CA449CACC6E337 /* build.xcconfig */,
				3128088C07A9457F8FD69612 /* close_drawer.png */,
				5E3EBA6DA51C4E8CB430507B /* homeLogo.png */,
				C1F31E68A3AA4074A1291DEE /* menuIcon.png */,
				0C3F7B2859CF45968C5DE791 /* rightArrow.png */,
				79A55227E6794F4BBC07B9CE /* userImg.png */,
			);
			name = Resources;
			sourceTree = "<group>";
		};
		F6F334EA374641FA883A820A /* tns-core-modules */ = {
			isa = PBXGroup;
			children = (
				6428FCB12F524DC9811FC8D2 /* NativeScriptEmbedder.h */,
				90D818C732D64B4CB87A68D9 /* NativeScriptEmbedder.m */,
			);
			name = "tns-core-modules";
			sourceTree = "<group>";
		};
		382551DDEFEE41B6878BFB64 /* TNSNativeSource */ = {
			isa = PBXGroup;
			children = (
			);
			name = TNSNativeSource;
			sourceTree = "<group>";
		};
/* End PBXGroup section */

/* Begin PBXNativeTarget section */
		858B83EF18CA22B800AB12DE /* TumainiFund */ = {
			isa = PBXNativeTarget;
			buildConfigurationList = 858B843018CA22B800AB12DE /* Build configuration list for PBXNativeTarget "TumainiFund" */;
			buildPhases = (
				37C41A0CA3BDD375DE40AEA5 /* [CP] Check Pods Manifest.lock */,
				C97FD7AC1ADE5369004DB2A4 /* NativeScript PreBuild */,
				858B83F218CA22B800AB12DE /* Sources */,
				CD62955B1BB2651D00AE3A93 /* NativeScript PreLink */,
				858B83F418CA22B800AB12DE /* Frameworks */,
				858B842C18CA22B800AB12DE /* Resources */,
				85F5BDFC1A9363BE006B9701 /* Embed Frameworks */,
				CD3EAD351B05FF060042DBFC /* NativeScript PostBuild */,
				C771D8787E033491B42804F9 /* [CP] Embed Pods Frameworks */,
			);
			buildRules = (
			);
			dependencies = (
			);
			name = TumainiFund;
			productName = JDBridgeApp;
			productReference = 858B843318CA22B800AB12DE /* TumainiFund.app */;
			productType = "com.apple.product-type.application";
		};
/* End PBXNativeTarget section */

/* Begin PBXProject section */
		858B832618CA111C00AB12DE /* Project object */ = {
			isa = PBXProject;
			attributes = {
				CLASSPREFIX = TNS;
				LastUpgradeCheck = 500;
				ORGANIZATIONNAME = Telerik;
				TargetAttributes = {
					858B83EF18CA22B800AB12DE = {
						DevelopmentTeam = KY496XS6J2;
						ProvisioningStyle = Automatic;
					};
				};
			};
			buildConfigurationList = 858B832918CA111C00AB12DE /* Build configuration list for PBXProject "TumainiFund" */;
			compatibilityVersion = "Xcode 3.2";
			developmentRegion = English;
			hasScannedForEncodings = 0;
			knownRegions = (
				en,
			);
			mainGroup = 858B832518CA111C00AB12DE;
			productRefGroup = 858B832F18CA111C00AB12DE /* Products */;
			projectDirPath = "";
			projectRoot = "";
			targets = (
				858B83EF18CA22B800AB12DE /* TumainiFund */,
			);
		};
/* End PBXProject section */

/* Begin PBXResourcesBuildPhase section */
		858B842C18CA22B800AB12DE /* Resources */ = {
			isa = PBXResourcesBuildPhase;
			buildActionMask = 2147483647;
			files = (
				CD45EE7C18DC2D5800FB50C0 /* app in Resources */,
				858B842D18CA22B800AB12DE /* InfoPlist.strings in Resources */,
				B1DC4604582342C584A87AD0 /* @1xclose_drawer.png in Resources */,
				30FB310263094B67BC89866E /* @1xhomeLogo.png in Resources */,
				7EED011A877B444797D04587 /* @1xrightArrow.png in Resources */,
				F06972C57B914386A87A5DE6 /* @1xuserImg.png in Resources */,
				0C41550347B442C4A6FC14CD /* @2xclose_drawer.png in Resources */,
				6505E05B052E46D79CB08686 /* @2xhomeLogo.png in Resources */,
				98860FC6CCB04ABC9301B89C /* @2xrightArrow.png in Resources */,
				096B0137E3B54F7EB04CE7DD /* @2xuserImg.png in Resources */,
				A3CEC244AE6344A28BC4AA59 /* @3xclose_drawer.png in Resources */,
				252159C33DD94626BCCC26F7 /* @3xhomeLogo.png in Resources */,
				9F32056C8799482B95E147C7 /* @3xrightArrow.png in Resources */,
				F6019B917E3B425690C95BF2 /* @3xuserImg.png in Resources */,
				2AB7F8C37A74415886E6B197 /* Assets.xcassets in Resources */,
				256DAB6B19A742B7AA735FC7 /* LaunchScreen.storyboard in Resources */,
				BEF945F055BE4B138C5C07B0 /* build.xcconfig in Resources */,
				A9E84541ABC64015B2A7AFCA /* close_drawer.png in Resources */,
				3137FA62B6D8490284A65077 /* homeLogo.png in Resources */,
				25F67480DC0C4F7E9DFD8649 /* menuIcon.png in Resources */,
				1CB91A9697F1430EB740E843 /* rightArrow.png in Resources */,
				39E430159F064890931FAAC2 /* userImg.png in Resources */,
			);
			runOnlyForDeploymentPostprocessing = 0;
		};
/* End PBXResourcesBuildPhase section */

/* Begin PBXShellScriptBuildPhase section */
		37C41A0CA3BDD375DE40AEA5 /* [CP] Check Pods Manifest.lock */ = {
			isa = PBXShellScriptBuildPhase;
			buildActionMask = 2147483647;
			files = (
			);
			inputFileListPaths = (
			);
			inputPaths = (
				"${PODS_PODFILE_DIR_PATH}/Podfile.lock",
				"${PODS_ROOT}/Manifest.lock",
			);
			name = "[CP] Check Pods Manifest.lock";
			outputFileListPaths = (
			);
			outputPaths = (
				"$(DERIVED_FILE_DIR)/Pods-TumainiFund-checkManifestLockResult.txt",
			);
			runOnlyForDeploymentPostprocessing = 0;
			shellPath = /bin/sh;
			shellScript = "diff \"${PODS_PODFILE_DIR_PATH}/Podfile.lock\" \"${PODS_ROOT}/Manifest.lock\" > /dev/null\nif [ $? != 0 ] ; then\n    # print error to STDERR\n    echo \"error: The sandbox is not in sync with the Podfile.lock. Run 'pod install' or update your CocoaPods installation.\" >&2\n    exit 1\nfi\n# This output is used by Xcode 'outputs' to avoid re-running this script phase.\necho \"SUCCESS\" > \"${SCRIPT_OUTPUT_FILE_0}\"\n";
			showEnvVarsInLog = 0;
		};
		C771D8787E033491B42804F9 /* [CP] Embed Pods Frameworks */ = {
			isa = PBXShellScriptBuildPhase;
			buildActionMask = 2147483647;
			files = (
			);
			inputFileListPaths = (
			);
			inputPaths = (
				"${PODS_ROOT}/Target Support Files/Pods-TumainiFund/Pods-TumainiFund-frameworks.sh",
				"${BUILT_PRODUCTS_DIR}/IQKeyboardManager/IQKeyboardManager.framework",
				"${BUILT_PRODUCTS_DIR}/ISMessages/ISMessages.framework",
				"${BUILT_PRODUCTS_DIR}/SAMKeychain/SAMKeychain.framework",
			);
			name = "[CP] Embed Pods Frameworks";
			outputFileListPaths = (
			);
			outputPaths = (
				"${TARGET_BUILD_DIR}/${FRAMEWORKS_FOLDER_PATH}/IQKeyboardManager.framework",
				"${TARGET_BUILD_DIR}/${FRAMEWORKS_FOLDER_PATH}/ISMessages.framework",
				"${TARGET_BUILD_DIR}/${FRAMEWORKS_FOLDER_PATH}/SAMKeychain.framework",
			);
			runOnlyForDeploymentPostprocessing = 0;
			shellPath = /bin/sh;
			shellScript = "\"${PODS_ROOT}/Target Support Files/Pods-TumainiFund/Pods-TumainiFund-frameworks.sh\"\n";
			showEnvVarsInLog = 0;
		};
		C97FD7AC1ADE5369004DB2A4 /* NativeScript PreBuild */ = {
			isa = PBXShellScriptBuildPhase;
			buildActionMask = 2147483647;
			files = (
			);
			inputPaths = (
			);
			name = "NativeScript PreBuild";
			outputPaths = (
			);
			runOnlyForDeploymentPostprocessing = 0;
			shellPath = /bin/sh;
			shellScript = "\"$SRCROOT/internal/nativescript-pre-build\"";
			showEnvVarsInLog = 0;
		};
		CD3EAD351B05FF060042DBFC /* NativeScript PostBuild */ = {
			isa = PBXShellScriptBuildPhase;
			buildActionMask = 2147483647;
			files = (
			);
			inputPaths = (
			);
			name = "NativeScript PostBuild";
			outputPaths = (
			);
			runOnlyForDeploymentPostprocessing = 0;
			shellPath = /bin/sh;
			shellScript = "\"$SRCROOT/internal/nativescript-post-build\"";
			showEnvVarsInLog = 0;
		};
		CD62955B1BB2651D00AE3A93 /* NativeScript PreLink */ = {
			isa = PBXShellScriptBuildPhase;
			buildActionMask = 2147483647;
			files = (
			);
			inputPaths = (
			);
			name = "NativeScript PreLink";
			outputPaths = (
			);
			runOnlyForDeploymentPostprocessing = 0;
			shellPath = /bin/sh;
			shellScript = "\"$SRCROOT/internal/nativescript-pre-link\"";
			showEnvVarsInLog = 0;
		};
/* End PBXShellScriptBuildPhase section */

/* Begin PBXSourcesBuildPhase section */
		858B83F218CA22B800AB12DE /* Sources */ = {
			isa = PBXSourcesBuildPhase;
			buildActionMask = 2147483647;
			files = (
				CD62955D1BB2678900AE3A93 /* main.m in Sources */,
				5AAB1654013D42E7BC277C2D /* NativeScriptEmbedder.m in Sources */,
			);
			runOnlyForDeploymentPostprocessing = 0;
		};
/* End PBXSourcesBuildPhase section */

/* Begin PBXVariantGroup section */
		858B833A18CA111C00AB12DE /* InfoPlist.strings */ = {
			isa = PBXVariantGroup;
			children = (
				858B833B18CA111C00AB12DE /* en */,
			);
			name = InfoPlist.strings;
			sourceTree = "<group>";
		};
/* End PBXVariantGroup section */

/* Begin XCBuildConfiguration section */
		858B835818CA111C00AB12DE /* Debug */ = {
			isa = XCBuildConfiguration;
			buildSettings = {
				ALWAYS_SEARCH_USER_PATHS = NO;
				ARCHS = "$(ARCHS_STANDARD)";
				CLANG_CXX_LANGUAGE_STANDARD = "gnu++0x";
				CLANG_CXX_LIBRARY = "libc++";
				CLANG_ENABLE_MODULES = YES;
				CLANG_ENABLE_OBJC_ARC = YES;
				CLANG_WARN_BOOL_CONVERSION = YES;
				CLANG_WARN_CONSTANT_CONVERSION = YES;
				CLANG_WARN_DIRECT_OBJC_ISA_USAGE = YES_ERROR;
				CLANG_WARN_EMPTY_BODY = YES;
				CLANG_WARN_ENUM_CONVERSION = YES;
				CLANG_WARN_INT_CONVERSION = YES;
				CLANG_WARN_OBJC_ROOT_CLASS = YES_ERROR;
				CLANG_WARN__DUPLICATE_METHOD_MATCH = YES;
				"CODE_SIGN_IDENTITY[sdk=iphoneos*]" = "iPhone Developer";
				COPY_PHASE_STRIP = NO;
				GCC_C_LANGUAGE_STANDARD = gnu99;
				GCC_DYNAMIC_NO_PIC = NO;
				GCC_OPTIMIZATION_LEVEL = 0;
				GCC_SYMBOLS_PRIVATE_EXTERN = NO;
				GCC_WARN_64_TO_32_BIT_CONVERSION = YES;
				GCC_WARN_ABOUT_RETURN_TYPE = YES_ERROR;
				GCC_WARN_UNDECLARED_SELECTOR = YES;
				GCC_WARN_UNINITIALIZED_AUTOS = YES;
				GCC_WARN_UNUSED_FUNCTION = YES;
				GCC_WARN_UNUSED_VARIABLE = YES;
				IPHONEOS_DEPLOYMENT_TARGET = 9.0;
				ONLY_ACTIVE_ARCH = YES;
				SDKROOT = iphoneos;
				TARGETED_DEVICE_FAMILY = "1,2";
			};
			name = Debug;
		};
		858B835918CA111C00AB12DE /* Release */ = {
			isa = XCBuildConfiguration;
			buildSettings = {
				ALWAYS_SEARCH_USER_PATHS = NO;
				ARCHS = "$(ARCHS_STANDARD)";
				CLANG_CXX_LANGUAGE_STANDARD = "gnu++0x";
				CLANG_CXX_LIBRARY = "libc++";
				CLANG_ENABLE_MODULES = YES;
				CLANG_ENABLE_OBJC_ARC = YES;
				CLANG_WARN_BOOL_CONVERSION = YES;
				CLANG_WARN_CONSTANT_CONVERSION = YES;
				CLANG_WARN_DIRECT_OBJC_ISA_USAGE = YES_ERROR;
				CLANG_WARN_EMPTY_BODY = YES;
				CLANG_WARN_ENUM_CONVERSION = YES;
				CLANG_WARN_INT_CONVERSION = YES;
				CLANG_WARN_OBJC_ROOT_CLASS = YES_ERROR;
				CLANG_WARN__DUPLICATE_METHOD_MATCH = YES;
				"CODE_SIGN_IDENTITY[sdk=iphoneos*]" = "iPhone Developer";
				COPY_PHASE_STRIP = YES;
				ENABLE_NS_ASSERTIONS = NO;
				GCC_C_LANGUAGE_STANDARD = gnu99;
				GCC_WARN_64_TO_32_BIT_CONVERSION = YES;
				GCC_WARN_ABOUT_RETURN_TYPE = YES_ERROR;
				GCC_WARN_UNDECLARED_SELECTOR = YES;
				GCC_WARN_UNINITIALIZED_AUTOS = YES;
				GCC_WARN_UNUSED_FUNCTION = YES;
				GCC_WARN_UNUSED_VARIABLE = YES;
				IPHONEOS_DEPLOYMENT_TARGET = 9.0;
				SDKROOT = iphoneos;
				TARGETED_DEVICE_FAMILY = "1,2";
				VALIDATE_PRODUCT = YES;
			};
			name = Release;
		};
		858B843118CA22B800AB12DE /* Debug */ = {
			isa = XCBuildConfiguration;
			baseConfigurationReference = CDD59A261BB43B5D00EC2671 /* build-debug.xcconfig */;
			buildSettings = {
				ARCHS = "$(ARCHS_STANDARD)";
				"CODE_SIGN_IDENTITY[sdk=iphoneos*]" = "iPhone Developer";
				DEVELOPMENT_TEAM = KY496XS6J2;
				ENABLE_BITCODE = NO;
				FRAMEWORK_SEARCH_PATHS = (
					"$(inherited)",
					"\"$(SRCROOT)/../../node_modules/nativescript-ui-sidedrawer/platforms/ios\"",
					"\"$(SRCROOT)/../../node_modules/nativescript-sqlite/platforms/ios\"",
					"\"$(SRCROOT)/../../node_modules/nativescript-ui-core/platforms/ios\"",
					"\"$(SRCROOT)/../../node_modules/tns-core-modules-widgets/platforms/ios\"",
				);
				GCC_PRECOMPILE_PREFIX_HEADER = YES;
				GCC_PREFIX_HEADER = "TumainiFund/TumainiFund-Prefix.pch";
				GCC_PREPROCESSOR_DEFINITIONS = (
					"$(inherited)",
					"DEBUG=1",
				);
				HEADER_SEARCH_PATHS = (
					"$(inherited)",
					"\"$(SRCROOT)/../../node_modules/tns-core-modules/platforms/ios/src\"",
					"\"$(SRCROOT)/../../App_Resources/iOS/src\"",
					"\"$(SRCROOT)/../../App_Resources/iOS/src\"",
					"\"$(SRCROOT)/../../App_Resources/iOS/src\"",
					"\"$(SRCROOT)/../../App_Resources/iOS/src\"",
					"\"$(SRCROOT)/../../App_Resources/iOS/src\"",
					"\"$(SRCROOT)/../../App_Resources/iOS/src\"",
					"\"$(SRCROOT)/../../App_Resources/iOS/src\"",
					"\"$(SRCROOT)/../../App_Resources/iOS/src\"",
					"\"$(SRCROOT)/../../App_Resources/iOS/src\"",
					"\"$(SRCROOT)/../../App_Resources/iOS/src\"",
				);
				INFOPLIST_FILE = "$(SRCROOT)/TumainiFund/TumainiFund-Info.plist";
				LD_RUNPATH_SEARCH_PATHS = "$(inherited) @executable_path/Frameworks";
				PRODUCT_NAME = TumainiFund;
				WRAPPER_EXTENSION = app;
			};
			name = Debug;
		};
		858B843218CA22B800AB12DE /* Release */ = {
			isa = XCBuildConfiguration;
			baseConfigurationReference = CDD59A271BB43B5D00EC2671 /* build-release.xcconfig */;
			buildSettings = {
				ARCHS = "$(ARCHS_STANDARD)";
				"CODE_SIGN_IDENTITY[sdk=iphoneos*]" = "iPhone Developer";
				DEVELOPMENT_TEAM = KY496XS6J2;
				ENABLE_BITCODE = NO;
				FRAMEWORK_SEARCH_PATHS = (
					"$(inherited)",
					"\"$(SRCROOT)/../../node_modules/nativescript-ui-sidedrawer/platforms/ios\"",
					"\"$(SRCROOT)/../../node_modules/nativescript-sqlite/platforms/ios\"",
					"\"$(SRCROOT)/../../node_modules/nativescript-ui-core/platforms/ios\"",
					"\"$(SRCROOT)/../../node_modules/tns-core-modules-widgets/platforms/ios\"",
				);
				GCC_PRECOMPILE_PREFIX_HEADER = YES;
				GCC_PREFIX_HEADER = "TumainiFund/TumainiFund-Prefix.pch";
				HEADER_SEARCH_PATHS = (
					"$(inherited)",
					"\"$(SRCROOT)/../../node_modules/tns-core-modules/platforms/ios/src\"",
					"\"$(SRCROOT)/../../App_Resources/iOS/src\"",
					"\"$(SRCROOT)/../../App_Resources/iOS/src\"",
					"\"$(SRCROOT)/../../App_Resources/iOS/src\"",
					"\"$(SRCROOT)/../../App_Resources/iOS/src\"",
					"\"$(SRCROOT)/../../App_Resources/iOS/src\"",
					"\"$(SRCROOT)/../../App_Resources/iOS/src\"",
					"\"$(SRCROOT)/../../App_Resources/iOS/src\"",
					"\"$(SRCROOT)/../../App_Resources/iOS/src\"",
					"\"$(SRCROOT)/../../App_Resources/iOS/src\"",
					"\"$(SRCROOT)/../../App_Resources/iOS/src\"",
				);
				INFOPLIST_FILE = "$(SRCROOT)/TumainiFund/TumainiFund-Info.plist";
				LD_RUNPATH_SEARCH_PATHS = "$(inherited) @executable_path/Frameworks";
				PRODUCT_NAME = TumainiFund;
				WRAPPER_EXTENSION = app;
			};
			name = Release;
		};
/* End XCBuildConfiguration section */

/* Begin XCConfigurationList section */
		858B832918CA111C00AB12DE /* Build configuration list for PBXProject "TumainiFund" */ = {
			isa = XCConfigurationList;
			buildConfigurations = (
				858B835818CA111C00AB12DE /* Debug */,
				858B835918CA111C00AB12DE /* Release */,
			);
			defaultConfigurationIsVisible = 0;
			defaultConfigurationName = Release;
		};
		858B843018CA22B800AB12DE /* Build configuration list for PBXNativeTarget "TumainiFund" */ = {
			isa = XCConfigurationList;
			buildConfigurations = (
				858B843118CA22B800AB12DE /* Debug */,
				858B843218CA22B800AB12DE /* Release */,
			);
			defaultConfigurationIsVisible = 0;
			defaultConfigurationName = Release;
		};
/* End XCConfigurationList section */
	};
	rootObject = 858B832618CA111C00AB12DE /* Project object */;
}
