PODS:
  - IQKeyboardManager (6.2.0)
  - ISMessages (1.2)
  - SAMKeychain (1.5.3)

DEPENDENCIES:
  - IQKeyboardManager (~> 6.2.0)
  - ISMessages (from `https://github.com/EddyVerbruggen/ISMessages.git`, commit `9cda6db2fcb11e62b0332eedb24dbefcbb69435f`)
  - SAMKeychain (~> 1.5.2)

SPEC REPOS:
  https://github.com/cocoapods/specs.git:
    - IQKeyboardManager
    - SAMKeychain

EXTERNAL SOURCES:
  ISMessages:
    :commit: 9cda6db2fcb11e62b0332eedb24dbefcbb69435f
    :git: https://github.com/EddyVerbruggen/ISMessages.git

CHECKOUT OPTIONS:
  ISMessages:
    :commit: 9cda6db2fcb11e62b0332eedb24dbefcbb69435f
    :git: https://github.com/EddyVerbruggen/ISMessages.git

SPEC CHECKSUMS:
  IQKeyboardManager: 6194101620b73af5e67900b8f89707a99de0b804
  ISMessages: 6ec1ed7029ff6ca516f2ac3e597bb9986a43e132
  SAMKeychain: 483e1c9f32984d50ca961e26818a534283b4cd5c

PODFILE CHECKSUM: ea913b1348c61dac7e8193f925af287d9ef94c58

COCOAPODS: 1.6.1
